{
	"name": "claybucket_bp",
	"version": "1.0.3",
	"lockfileVersion": 3,
	"requires": true,
	"packages": {
		"": {
			"name": "claybucket_bp",
			"version": "1.0.3",
			"license": "ISC",
			"dependencies": {
				"@bedrock-core/server": "^0.1.0",
				"@minecraft/server": "2.2.0",
				"@minecraft/vanilla-data": "^1.26.2"
			}
		},
		"node_modules/@bedrock-core/server": {
			"version": "0.1.0",
			"resolved": "https://registry.npmjs.org/@bedrock-core/server/-/server-0.1.0.tgz",
			"integrity": "sha512-e6LPVHKnItgl/lM6PK+3IWrsuRZxIlrO3WIzdmZNHrsCXaRWvrzS8WSoz2x0NYnk/Jtqhwt3efRcTYo82A851w==",
			"license": "MIT",
			"dependencies": {
				"@bedrock-core/server-runtime": "0.1.0",
				"@bedrock-core/sync": "0.1.0"
			},
			"peerDependencies": {
				"@minecraft/server": ">=2.8.0"
			}
		},
		"node_modules/@bedrock-core/server/node_modules/@bedrock-core/server-runtime": {
			"version": "0.1.0",
			"resolved": "https://registry.npmjs.org/@bedrock-core/server-runtime/-/server-runtime-0.1.0.tgz",
			"integrity": "sha512-AoaTkUhD6Wp5NnD/Tdl73b3Zxsf5qaOyva61d+DGM11GG+VAXv2i7UfWV4jS1xQshh6QQToBsqfDoule1jy0bg==",
			"license": "MIT",
			"dependencies": {
				"@bedrock-core/i18n": "^0.1.0",
				"@bedrock-core/sync": "^0.1.0"
			},
			"peerDependencies": {
				"@minecraft/server": ">=2.8.0"
			}
		},
		"node_modules/@bedrock-core/server/node_modules/@bedrock-core/server-runtime/node_modules/@bedrock-core/i18n": {
			"version": "0.1.0",
			"resolved": "https://registry.npmjs.org/@bedrock-core/i18n/-/i18n-0.1.0.tgz",
			"integrity": "sha512-DmK+7mQfa6NgTZ+99x222M6cIAv+V5NOTQJIhzYmx3DlJxQwAhfgCKfOQCva6e6x+JbXnJtLA73WFR5HcuJVDQ==",
			"license": "MIT",
			"peerDependencies": {
				"@minecraft/server": ">=2.8.0"
			}
		},
		"node_modules/@bedrock-core/server/node_modules/@bedrock-core/sync": {
			"version": "0.1.0",
			"resolved": "https://registry.npmjs.org/@bedrock-core/sync/-/sync-0.1.0.tgz",
			"integrity": "sha512-rZfNarG6UW+0srHYYb7HQx5P6kFClA4Lptm4OsbGCs2WH7cJjVIIgaCpknrjIB0/auRM+NmvJETgem3DXzNcyQ==",
			"license": "MIT",
			"peerDependencies": {
				"@minecraft/server": ">=2.8.0"
			}
		},
		"node_modules/@minecraft/common": {
			"version": "1.2.0",
			"resolved": "https://registry.npmjs.org/@minecraft/common/-/common-1.2.0.tgz",
			"integrity": "sha512-JdmEq4P3Z/FtoBzhLijFgMSVFnFRrUoLwY8DHHrgtFo0mfLTOLTB1RErYjLMsA6b7BGVNxkX/pfFRiH7QZ0XwQ==",
			"peer": true
		},
		"node_modules/@minecraft/server": {
			"version": "2.2.0",
			"resolved": "https://registry.npmjs.org/@minecraft/server/-/server-2.2.0.tgz",
			"integrity": "sha512-Tn+Sr7IK71LptVOumTSWWXpjYgCqgCCwB8BosnU1fUltJV3JsNTnRtQMHlzQwSDGwTF0P0HJFhDALoOMlG/j2Q==",
			"license": "MIT",
			"peerDependencies": {
				"@minecraft/common": "^1.2.0",
				"@minecraft/vanilla-data": ">=1.20.70"
			}
		},
		"node_modules/@minecraft/vanilla-data": {
			"version": "1.26.13",
			"resolved": "https://registry.npmjs.org/@minecraft/vanilla-data/-/vanilla-data-1.26.13.tgz",
			"integrity": "sha512-Mll1g5vX84iJ2PjJM5KKJ9V9gH8haJtIhSqywn/FlZN9IN0fn4MFWyjC43xNLh/COWgZfVgB7XAA7fGsEt60MQ=="
		}
	}
}
